
Microsoft Visual Studio Solution File, Format Version 12.00
# Visual Studio 2012
Project("{8BC9CEB8-8B4A-11D0-8D11-00A0C91BC942}") = "Campbell_Robert_MidTerm_Pt-II_Program", "Campbell_Robert_MidTerm_Pt-II_Program\Campbell_Robert_MidTerm_Pt-II_Program.vcxproj", "{1665CD05-5461-4694-96A6-4E317A00ED7D}"
EndProject
Global
	GlobalSection(SolutionConfigurationPlatforms) = preSolution
		Debug|Win32 = Debug|Win32
		Release|Win32 = Release|Win32
	EndGlobalSection
	GlobalSection(ProjectConfigurationPlatforms) = postSolution
		{1665CD05-5461-4694-96A6-4E317A00ED7D}.Debug|Win32.ActiveCfg = Debug|Win32
		{1665CD05-5461-4694-96A6-4E317A00ED7D}.Debug|Win32.Build.0 = Debug|Win32
		{1665CD05-5461-4694-96A6-4E317A00ED7D}.Release|Win32.ActiveCfg = Release|Win32
		{1665CD05-5461-4694-96A6-4E317A00ED7D}.Release|Win32.Build.0 = Release|Win32
	EndGlobalSection
	GlobalSection(SolutionProperties) = preSolution
		HideSolutionNode = FALSE
	EndGlobalSection
EndGlobal
